
Microsoft Visual Studio Solution File, Format Version 12.00
# Visual Studio Version 17
VisualStudioVersion = 17.8.34322.80
MinimumVisualStudioVersion = 10.0.40219.1
Project("{9A19103F-16F7-4668-BE54-9A1E7A4F7556}") = "CreditScore.Domains", "CreditScore.Domains\CreditScore.Domains.csproj", "{4696F7DD-A840-4917-9363-672F446A26DA}"
EndProject
Project("{9A19103F-16F7-4668-BE54-9A1E7A4F7556}") = "CreditScore.Service.Contracts", "CreditScore.Services\CreditScore.Service.Contracts.csproj", "{22967DE5-2506-4BDF-8F6E-A16E8095DF9E}"
EndProject
Project("{9A19103F-16F7-4668-BE54-9A1E7A4F7556}") = "CreditScore.Service.Tests", "CreditScore.Services.Tests\CreditScore.Service.Tests.csproj", "{40EF3260-AEB7-4857-89CE-D78B4FF40661}"
EndProject
Project("{9A19103F-16F7-4668-BE54-9A1E7A4F7556}") = "CreditScore.Service.Implementations", "CreditScore.ServiceImplementations\CreditScore.Service.Implementations.csproj", "{89EEC31F-AF4B-4D13-8819-94C727124F13}"
EndProject
Project("{9A19103F-16F7-4668-BE54-9A1E7A4F7556}") = "CreditScore.Common", "CreditScore.Common\CreditScore.Common.csproj", "{5C815D28-B82F-4F98-AE8F-F647171A4B31}"
EndProject
Project("{9A19103F-16F7-4668-BE54-9A1E7A4F7556}") = "CreditScore.Data.Contracts", "CreditScore.DataContracts\CreditScore.Data.Contracts.csproj", "{D7066F4A-A908-4243-8557-2FA1AC66EF00}"
EndProject
Project("{9A19103F-16F7-4668-BE54-9A1E7A4F7556}") = "CreditScore.Dtos", "CreditScore.Dtos\CreditScore.Dtos.csproj", "{42FC8505-5315-4BF0-8069-217E0975C940}"
EndProject
Global
	GlobalSection(SolutionConfigurationPlatforms) = preSolution
		Debug|Any CPU = Debug|Any CPU
		Release|Any CPU = Release|Any CPU
	EndGlobalSection
	GlobalSection(ProjectConfigurationPlatforms) = postSolution
		{4696F7DD-A840-4917-9363-672F446A26DA}.Debug|Any CPU.ActiveCfg = Debug|Any CPU
		{4696F7DD-A840-4917-9363-672F446A26DA}.Debug|Any CPU.Build.0 = Debug|Any CPU
		{4696F7DD-A840-4917-9363-672F446A26DA}.Release|Any CPU.ActiveCfg = Release|Any CPU
		{4696F7DD-A840-4917-9363-672F446A26DA}.Release|Any CPU.Build.0 = Release|Any CPU
		{22967DE5-2506-4BDF-8F6E-A16E8095DF9E}.Debug|Any CPU.ActiveCfg = Debug|Any CPU
		{22967DE5-2506-4BDF-8F6E-A16E8095DF9E}.Debug|Any CPU.Build.0 = Debug|Any CPU
		{22967DE5-2506-4BDF-8F6E-A16E8095DF9E}.Release|Any CPU.ActiveCfg = Release|Any CPU
		{22967DE5-2506-4BDF-8F6E-A16E8095DF9E}.Release|Any CPU.Build.0 = Release|Any CPU
		{40EF3260-AEB7-4857-89CE-D78B4FF40661}.Debug|Any CPU.ActiveCfg = Debug|Any CPU
		{40EF3260-AEB7-4857-89CE-D78B4FF40661}.Debug|Any CPU.Build.0 = Debug|Any CPU
		{40EF3260-AEB7-4857-89CE-D78B4FF40661}.Release|Any CPU.ActiveCfg = Release|Any CPU
		{40EF3260-AEB7-4857-89CE-D78B4FF40661}.Release|Any CPU.Build.0 = Release|Any CPU
		{89EEC31F-AF4B-4D13-8819-94C727124F13}.Debug|Any CPU.ActiveCfg = Debug|Any CPU
		{89EEC31F-AF4B-4D13-8819-94C727124F13}.Debug|Any CPU.Build.0 = Debug|Any CPU
		{89EEC31F-AF4B-4D13-8819-94C727124F13}.Release|Any CPU.ActiveCfg = Release|Any CPU
		{89EEC31F-AF4B-4D13-8819-94C727124F13}.Release|Any CPU.Build.0 = Release|Any CPU
		{5C815D28-B82F-4F98-AE8F-F647171A4B31}.Debug|Any CPU.ActiveCfg = Debug|Any CPU
		{5C815D28-B82F-4F98-AE8F-F647171A4B31}.Debug|Any CPU.Build.0 = Debug|Any CPU
		{5C815D28-B82F-4F98-AE8F-F647171A4B31}.Release|Any CPU.ActiveCfg = Release|Any CPU
		{5C815D28-B82F-4F98-AE8F-F647171A4B31}.Release|Any CPU.Build.0 = Release|Any CPU
		{D7066F4A-A908-4243-8557-2FA1AC66EF00}.Debug|Any CPU.ActiveCfg = Debug|Any CPU
		{D7066F4A-A908-4243-8557-2FA1AC66EF00}.Debug|Any CPU.Build.0 = Debug|Any CPU
		{D7066F4A-A908-4243-8557-2FA1AC66EF00}.Release|Any CPU.ActiveCfg = Release|Any CPU
		{D7066F4A-A908-4243-8557-2FA1AC66EF00}.Release|Any CPU.Build.0 = Release|Any CPU
		{42FC8505-5315-4BF0-8069-217E0975C940}.Debug|Any CPU.ActiveCfg = Debug|Any CPU
		{42FC8505-5315-4BF0-8069-217E0975C940}.Debug|Any CPU.Build.0 = Debug|Any CPU
		{42FC8505-5315-4BF0-8069-217E0975C940}.Release|Any CPU.ActiveCfg = Release|Any CPU
		{42FC8505-5315-4BF0-8069-217E0975C940}.Release|Any CPU.Build.0 = Release|Any CPU
	EndGlobalSection
	GlobalSection(SolutionProperties) = preSolution
		HideSolutionNode = FALSE
	EndGlobalSection
	GlobalSection(ExtensibilityGlobals) = postSolution
		SolutionGuid = {C22E33C8-B3F6-423B-B034-B62188ECC038}
	EndGlobalSection
EndGlobal
